
Microsoft Visual Studio Solution File, Format Version 12.00
# Visual Studio Version 16
VisualStudioVersion = 16.0.30114.105
MinimumVisualStudioVersion = 10.0.40219.1
Project("{FAE04EC0-301F-11D3-BF4B-00C04F79EFBC}") = "FrmInicioLS", "FrmInicioLS\FrmInicioLS.csproj", "{6EC1CF3E-2F15-4A9D-BE31-6419D9DF0EF5}"
EndProject
Global
	GlobalSection(SolutionConfigurationPlatforms) = preSolution
		Debug|Any CPU = Debug|Any CPU
		Release|Any CPU = Release|Any CPU
	EndGlobalSection
	GlobalSection(ProjectConfigurationPlatforms) = postSolution
		{6EC1CF3E-2F15-4A9D-BE31-6419D9DF0EF5}.Debug|Any CPU.ActiveCfg = Debug|Any CPU
		{6EC1CF3E-2F15-4A9D-BE31-6419D9DF0EF5}.Debug|Any CPU.Build.0 = Debug|Any CPU
		{6EC1CF3E-2F15-4A9D-BE31-6419D9DF0EF5}.Release|Any CPU.ActiveCfg = Release|Any CPU
		{6EC1CF3E-2F15-4A9D-BE31-6419D9DF0EF5}.Release|Any CPU.Build.0 = Release|Any CPU
	EndGlobalSection
	GlobalSection(SolutionProperties) = preSolution
		HideSolutionNode = FALSE
	EndGlobalSection
	GlobalSection(ExtensibilityGlobals) = postSolution
		SolutionGuid = {F3AD189C-80D0-43AD-A616-8841DE5469A5}
	EndGlobalSection
EndGlobal
